
Microsoft Visual Studio Solution File, Format Version 12.00
# Visual Studio 15
VisualStudioVersion = 15.0.28307.136
MinimumVisualStudioVersion = 10.0.40219.1
Project("{FAE04EC0-301F-11D3-BF4B-00C04F79EFBC}") = "Server", "Server\Server.csproj", "{51FF432E-6A2C-40D8-84B1-0A691C65CFEA}"
EndProject
Project("{FAE04EC0-301F-11D3-BF4B-00C04F79EFBC}") = "Protocal", "Protocal\Protocal.csproj", "{880D8552-2C7C-487D-880E-B305708BD3B4}"
EndProject
Global
	GlobalSection(SolutionConfigurationPlatforms) = preSolution
		Debug|Any CPU = Debug|Any CPU
		Release|Any CPU = Release|Any CPU
	EndGlobalSection
	GlobalSection(ProjectConfigurationPlatforms) = postSolution
		{51FF432E-6A2C-40D8-84B1-0A691C65CFEA}.Debug|Any CPU.ActiveCfg = Debug|Any CPU
		{51FF432E-6A2C-40D8-84B1-0A691C65CFEA}.Debug|Any CPU.Build.0 = Debug|Any CPU
		{51FF432E-6A2C-40D8-84B1-0A691C65CFEA}.Release|Any CPU.ActiveCfg = Release|Any CPU
		{51FF432E-6A2C-40D8-84B1-0A691C65CFEA}.Release|Any CPU.Build.0 = Release|Any CPU
		{880D8552-2C7C-487D-880E-B305708BD3B4}.Debug|Any CPU.ActiveCfg = Debug|Any CPU
		{880D8552-2C7C-487D-880E-B305708BD3B4}.Debug|Any CPU.Build.0 = Debug|Any CPU
		{880D8552-2C7C-487D-880E-B305708BD3B4}.Release|Any CPU.ActiveCfg = Release|Any CPU
		{880D8552-2C7C-487D-880E-B305708BD3B4}.Release|Any CPU.Build.0 = Release|Any CPU
	EndGlobalSection
	GlobalSection(SolutionProperties) = preSolution
		HideSolutionNode = FALSE
	EndGlobalSection
	GlobalSection(ExtensibilityGlobals) = postSolution
		SolutionGuid = {3A949759-1319-4397-8B59-FC2E2833DEC9}
	EndGlobalSection
EndGlobal
